
Microsoft Visual Studio Solution File, Format Version 12.00
# Visual Studio 15
VisualStudioVersion = 15.0.28307.1913
MinimumVisualStudioVersion = 10.0.40219.1
Project("{FAE04EC0-301F-11D3-BF4B-00C04F79EFBC}") = "Pilas 2", "Pilas 2\Pilas 2.csproj", "{3164B097-9B54-4D6C-B940-9279999C2BA0}"
EndProject
Global
	GlobalSection(SolutionConfigurationPlatforms) = preSolution
		Debug|Any CPU = Debug|Any CPU
		Release|Any CPU = Release|Any CPU
	EndGlobalSection
	GlobalSection(ProjectConfigurationPlatforms) = postSolution
		{3164B097-9B54-4D6C-B940-9279999C2BA0}.Debug|Any CPU.ActiveCfg = Debug|Any CPU
		{3164B097-9B54-4D6C-B940-9279999C2BA0}.Debug|Any CPU.Build.0 = Debug|Any CPU
		{3164B097-9B54-4D6C-B940-9279999C2BA0}.Release|Any CPU.ActiveCfg = Release|Any CPU
		{3164B097-9B54-4D6C-B940-9279999C2BA0}.Release|Any CPU.Build.0 = Release|Any CPU
	EndGlobalSection
	GlobalSection(SolutionProperties) = preSolution
		HideSolutionNode = FALSE
	EndGlobalSection
	GlobalSection(ExtensibilityGlobals) = postSolution
		SolutionGuid = {68AD8951-73F7-42A9-9697-6D8FF7E9F916}
	EndGlobalSection
EndGlobal
